
Microsoft Visual Studio Solution File, Format Version 12.00
# Visual Studio 15
VisualStudioVersion = 15.0.28307.1622
MinimumVisualStudioVersion = 10.0.40219.1
Project("{8BC9CEB8-8B4A-11D0-8D11-00A0C91BC942}") = "Part 1", "2022.11.14-Homework-4\2022.11.14-Homework-4.vcxproj", "{541349D0-6B18-48B2-BFD0-FA3A9B98A0AE}"
EndProject
Project("{8BC9CEB8-8B4A-11D0-8D11-00A0C91BC942}") = "Part 2", "Part 2\Part 2.vcxproj", "{B88D4223-8110-47DA-AD80-4897221884FB}"
EndProject
Global
	GlobalSection(SolutionConfigurationPlatforms) = preSolution
		Debug|x64 = Debug|x64
		Debug|x86 = Debug|x86
		Release|x64 = Release|x64
		Release|x86 = Release|x86
	EndGlobalSection
	GlobalSection(ProjectConfigurationPlatforms) = postSolution
		{541349D0-6B18-48B2-BFD0-FA3A9B98A0AE}.Debug|x64.ActiveCfg = Debug|x64
		{541349D0-6B18-48B2-BFD0-FA3A9B98A0AE}.Debug|x64.Build.0 = Debug|x64
		{541349D0-6B18-48B2-BFD0-FA3A9B98A0AE}.Debug|x86.ActiveCfg = Debug|Win32
		{541349D0-6B18-48B2-BFD0-FA3A9B98A0AE}.Debug|x86.Build.0 = Debug|Win32
		{541349D0-6B18-48B2-BFD0-FA3A9B98A0AE}.Release|x64.ActiveCfg = Release|x64
		{541349D0-6B18-48B2-BFD0-FA3A9B98A0AE}.Release|x64.Build.0 = Release|x64
		{541349D0-6B18-48B2-BFD0-FA3A9B98A0AE}.Release|x86.ActiveCfg = Release|Win32
		{541349D0-6B18-48B2-BFD0-FA3A9B98A0AE}.Release|x86.Build.0 = Release|Win32
		{B88D4223-8110-47DA-AD80-4897221884FB}.Debug|x64.ActiveCfg = Debug|x64
		{B88D4223-8110-47DA-AD80-4897221884FB}.Debug|x64.Build.0 = Debug|x64
		{B88D4223-8110-47DA-AD80-4897221884FB}.Debug|x86.ActiveCfg = Debug|Win32
		{B88D4223-8110-47DA-AD80-4897221884FB}.Debug|x86.Build.0 = Debug|Win32
		{B88D4223-8110-47DA-AD80-4897221884FB}.Release|x64.ActiveCfg = Release|x64
		{B88D4223-8110-47DA-AD80-4897221884FB}.Release|x64.Build.0 = Release|x64
		{B88D4223-8110-47DA-AD80-4897221884FB}.Release|x86.ActiveCfg = Release|Win32
		{B88D4223-8110-47DA-AD80-4897221884FB}.Release|x86.Build.0 = Release|Win32
	EndGlobalSection
	GlobalSection(SolutionProperties) = preSolution
		HideSolutionNode = FALSE
	EndGlobalSection
	GlobalSection(ExtensibilityGlobals) = postSolution
		SolutionGuid = {40DD2049-4068-4BBD-951E-7B9FD309D3B8}
	EndGlobalSection
EndGlobal
